
Microsoft Visual Studio Solution File, Format Version 12.00
# Visual Studio Version 17
VisualStudioVersion = 17.9.34728.123
MinimumVisualStudioVersion = 10.0.40219.1
Project("{9A19103F-16F7-4668-BE54-9A1E7A4F7556}") = "SimpleRegex", "SimpleRegex\SimpleRegex.csproj", "{8F5B8A27-F66A-45E1-8E13-BB72B96EBF31}"
EndProject
Project("{2150E333-8FDC-42A3-9474-1A3956D46DE8}") = "Solution Items", "Solution Items", "{2DDE2DE1-A6E5-4C5B-BC8F-F5CF702C77D7}"
	ProjectSection(SolutionItems) = preProject
		.editorconfig = .editorconfig
	EndProjectSection
EndProject
Project("{9A19103F-16F7-4668-BE54-9A1E7A4F7556}") = "SimpleRegex.CommandLine", "SimpleRegex.CommandLine\SimpleRegex.CommandLine.csproj", "{C569DF0E-6A23-4C42-9685-986FB985A67D}"
EndProject
Project("{9A19103F-16F7-4668-BE54-9A1E7A4F7556}") = "SimpleRegex.Blazor", "SimpleRegex.Blazor\SimpleRegex.Blazor.csproj", "{2E34254E-DE88-4F44-BFDE-32B79D7B345F}"
EndProject
Project("{FAE04EC0-301F-11D3-BF4B-00C04F79EFBC}") = "SimpleRegex.Test", "SimpleRegex.Test\SimpleRegex.Test.csproj", "{B35C2A1D-B264-4A0B-8833-CE8417EF2902}"
EndProject
Global
	GlobalSection(SolutionConfigurationPlatforms) = preSolution
		Debug|Any CPU = Debug|Any CPU
		Release|Any CPU = Release|Any CPU
	EndGlobalSection
	GlobalSection(ProjectConfigurationPlatforms) = postSolution
		{8F5B8A27-F66A-45E1-8E13-BB72B96EBF31}.Debug|Any CPU.ActiveCfg = Debug|Any CPU
		{8F5B8A27-F66A-45E1-8E13-BB72B96EBF31}.Debug|Any CPU.Build.0 = Debug|Any CPU
		{8F5B8A27-F66A-45E1-8E13-BB72B96EBF31}.Release|Any CPU.ActiveCfg = Release|Any CPU
		{8F5B8A27-F66A-45E1-8E13-BB72B96EBF31}.Release|Any CPU.Build.0 = Release|Any CPU
		{C569DF0E-6A23-4C42-9685-986FB985A67D}.Debug|Any CPU.ActiveCfg = Debug|Any CPU
		{C569DF0E-6A23-4C42-9685-986FB985A67D}.Debug|Any CPU.Build.0 = Debug|Any CPU
		{C569DF0E-6A23-4C42-9685-986FB985A67D}.Release|Any CPU.ActiveCfg = Release|Any CPU
		{C569DF0E-6A23-4C42-9685-986FB985A67D}.Release|Any CPU.Build.0 = Release|Any CPU
		{2E34254E-DE88-4F44-BFDE-32B79D7B345F}.Debug|Any CPU.ActiveCfg = Debug|Any CPU
		{2E34254E-DE88-4F44-BFDE-32B79D7B345F}.Debug|Any CPU.Build.0 = Debug|Any CPU
		{2E34254E-DE88-4F44-BFDE-32B79D7B345F}.Release|Any CPU.ActiveCfg = Release|Any CPU
		{2E34254E-DE88-4F44-BFDE-32B79D7B345F}.Release|Any CPU.Build.0 = Release|Any CPU
		{B35C2A1D-B264-4A0B-8833-CE8417EF2902}.Debug|Any CPU.ActiveCfg = Debug|Any CPU
		{B35C2A1D-B264-4A0B-8833-CE8417EF2902}.Debug|Any CPU.Build.0 = Debug|Any CPU
		{B35C2A1D-B264-4A0B-8833-CE8417EF2902}.Release|Any CPU.ActiveCfg = Release|Any CPU
		{B35C2A1D-B264-4A0B-8833-CE8417EF2902}.Release|Any CPU.Build.0 = Release|Any CPU
	EndGlobalSection
	GlobalSection(SolutionProperties) = preSolution
		HideSolutionNode = FALSE
	EndGlobalSection
	GlobalSection(ExtensibilityGlobals) = postSolution
		SolutionGuid = {D8040528-2450-4963-902E-13FAE21FC0AA}
	EndGlobalSection
EndGlobal
